
Microsoft Visual Studio Solution File, Format Version 12.00
# Visual Studio Version 16
VisualStudioVersion = 16.0.29102.190
MinimumVisualStudioVersion = 10.0.40219.1
Project("{FAE04EC0-301F-11D3-BF4B-00C04F79EFBC}") = "FinalProject_MVCapp_SERAFIN", "FinalProject_MVCapp_SERAFIN.csproj", "{E9BA0840-6C1A-45BF-BA20-7EEE1209AEAF}"
EndProject
Global
	GlobalSection(SolutionConfigurationPlatforms) = preSolution
		Debug|Any CPU = Debug|Any CPU
		Release|Any CPU = Release|Any CPU
	EndGlobalSection
	GlobalSection(ProjectConfigurationPlatforms) = postSolution
		{E9BA0840-6C1A-45BF-BA20-7EEE1209AEAF}.Debug|Any CPU.ActiveCfg = Debug|Any CPU
		{E9BA0840-6C1A-45BF-BA20-7EEE1209AEAF}.Debug|Any CPU.Build.0 = Debug|Any CPU
		{E9BA0840-6C1A-45BF-BA20-7EEE1209AEAF}.Release|Any CPU.ActiveCfg = Release|Any CPU
		{E9BA0840-6C1A-45BF-BA20-7EEE1209AEAF}.Release|Any CPU.Build.0 = Release|Any CPU
	EndGlobalSection
	GlobalSection(SolutionProperties) = preSolution
		HideSolutionNode = FALSE
	EndGlobalSection
	GlobalSection(ExtensibilityGlobals) = postSolution
		SolutionGuid = {FD62F777-0A13-4DA6-A835-1D01169D016F}
	EndGlobalSection
EndGlobal
